
Microsoft Visual Studio Solution File, Format Version 12.00
# Visual Studio Version 17
VisualStudioVersion = 17.13.35931.197 d17.13
MinimumVisualStudioVersion = 10.0.40219.1
Project("{FAE04EC0-301F-11D3-BF4B-00C04F79EFBC}") = "CodeFirstToExistingDatabase", "CodeFirstToExistingDatabase\CodeFirstToExistingDatabase.csproj", "{74B9455F-D89F-41A9-A9F3-E5C59ED12E5C}"
EndProject
Global
	GlobalSection(SolutionConfigurationPlatforms) = preSolution
		Debug|Any CPU = Debug|Any CPU
		Release|Any CPU = Release|Any CPU
	EndGlobalSection
	GlobalSection(ProjectConfigurationPlatforms) = postSolution
		{74B9455F-D89F-41A9-A9F3-E5C59ED12E5C}.Debug|Any CPU.ActiveCfg = Debug|Any CPU
		{74B9455F-D89F-41A9-A9F3-E5C59ED12E5C}.Debug|Any CPU.Build.0 = Debug|Any CPU
		{74B9455F-D89F-41A9-A9F3-E5C59ED12E5C}.Release|Any CPU.ActiveCfg = Release|Any CPU
		{74B9455F-D89F-41A9-A9F3-E5C59ED12E5C}.Release|Any CPU.Build.0 = Release|Any CPU
	EndGlobalSection
	GlobalSection(SolutionProperties) = preSolution
		HideSolutionNode = FALSE
	EndGlobalSection
	GlobalSection(ExtensibilityGlobals) = postSolution
		SolutionGuid = {ACF38653-EDBC-40D3-B3C1-D2F3A63023F7}
	EndGlobalSection
EndGlobal
